
Microsoft Visual Studio Solution File, Format Version 12.00
# Visual Studio Version 17
VisualStudioVersion = 17.4.33110.190
MinimumVisualStudioVersion = 10.0.40219.1
Project("{FAE04EC0-301F-11D3-BF4B-00C04F79EFBC}") = "ConsoleApp2", "ConsoleApp2\ConsoleApp2.csproj", "{D6C4807C-C17D-4B96-8AA2-31C3DF0A663C}"
EndProject
Global
	GlobalSection(SolutionConfigurationPlatforms) = preSolution
		Debug|Any CPU = Debug|Any CPU
		Release|Any CPU = Release|Any CPU
	EndGlobalSection
	GlobalSection(ProjectConfigurationPlatforms) = postSolution
		{D6C4807C-C17D-4B96-8AA2-31C3DF0A663C}.Debug|Any CPU.ActiveCfg = Debug|Any CPU
		{D6C4807C-C17D-4B96-8AA2-31C3DF0A663C}.Debug|Any CPU.Build.0 = Debug|Any CPU
		{D6C4807C-C17D-4B96-8AA2-31C3DF0A663C}.Release|Any CPU.ActiveCfg = Release|Any CPU
		{D6C4807C-C17D-4B96-8AA2-31C3DF0A663C}.Release|Any CPU.Build.0 = Release|Any CPU
	EndGlobalSection
	GlobalSection(SolutionProperties) = preSolution
		HideSolutionNode = FALSE
	EndGlobalSection
	GlobalSection(ExtensibilityGlobals) = postSolution
		SolutionGuid = {250CF010-7CAB-4214-8C26-4249387E2275}
	EndGlobalSection
EndGlobal
