
Microsoft Visual Studio Solution File, Format Version 12.00
# Visual Studio Version 17
VisualStudioVersion = 17.4.33110.190
MinimumVisualStudioVersion = 10.0.40219.1
Project("{FAE04EC0-301F-11D3-BF4B-00C04F79EFBC}") = "WebApplication1", "WebApplication1\WebApplication1.csproj", "{CCCA7B7C-0ECB-4568-9788-8C0FB1507BEE}"
EndProject
Global
	GlobalSection(SolutionConfigurationPlatforms) = preSolution
		Debug|Any CPU = Debug|Any CPU
		Release|Any CPU = Release|Any CPU
	EndGlobalSection
	GlobalSection(ProjectConfigurationPlatforms) = postSolution
		{CCCA7B7C-0ECB-4568-9788-8C0FB1507BEE}.Debug|Any CPU.ActiveCfg = Debug|Any CPU
		{CCCA7B7C-0ECB-4568-9788-8C0FB1507BEE}.Debug|Any CPU.Build.0 = Debug|Any CPU
		{CCCA7B7C-0ECB-4568-9788-8C0FB1507BEE}.Release|Any CPU.ActiveCfg = Release|Any CPU
		{CCCA7B7C-0ECB-4568-9788-8C0FB1507BEE}.Release|Any CPU.Build.0 = Release|Any CPU
	EndGlobalSection
	GlobalSection(SolutionProperties) = preSolution
		HideSolutionNode = FALSE
	EndGlobalSection
	GlobalSection(ExtensibilityGlobals) = postSolution
		SolutionGuid = {3DA4C22E-C825-41FC-A93A-2D9940711222}
	EndGlobalSection
EndGlobal
